// !$*UTF8*$!
{
	archiveVersion = 1;
	classes = {
	};
	objectVersion = 46;
	objects = {

/* Begin PBXBuildFile section */
		E935D5C21E14B584007BA117 /* AppDelegate.swift in Sources */ = {isa = PBXBuildFile; fileRef = E935D5C11E14B584007BA117 /* AppDelegate.swift */; };
		E935D5C41E14B584007BA117 /* ViewController.swift in Sources */ = {isa = PBXBuildFile; fileRef = E935D5C31E14B584007BA117 /* ViewController.swift */; };
		E935D5C71E14B584007BA117 /* Main.storyboard in Resources */ = {isa = PBXBuildFile; fileRef = E935D5C51E14B584007BA117 /* Main.storyboard */; };
		E935D5C91E14B584007BA117 /* Assets.xcassets in Resources */ = {isa = PBXBuildFile; fileRef = E935D5C81E14B584007BA117 /* Assets.xcassets */; };
		E935D5CC1E14B584007BA117 /* LaunchScreen.storyboard in Resources */ = {isa = PBXBuildFile; fileRef = E935D5CA1E14B584007BA117 /* LaunchScreen.storyboard */; };
		E935D5D71E14B584007BA117 /* TeamTalkSwiftTests.swift in Sources */ = {isa = PBXBuildFile; fileRef = E935D5D61E14B584007BA117 /* TeamTalkSwiftTests.swift */; };
		E935D5E21E14B584007BA117 /* TeamTalkSwiftUITests.swift in Sources */ = {isa = PBXBuildFile; fileRef = E935D5E11E14B584007BA117 /* TeamTalkSwiftUITests.swift */; };
/* End PBXBuildFile section */

/* Begin PBXContainerItemProxy section */
		E935D5D31E14B584007BA117 /* PBXContainerItemProxy */ = {
			isa = PBXContainerItemProxy;
			containerPortal = E935D5B61E14B584007BA117 /* Project object */;
			proxyType = 1;
			remoteGlobalIDString = E935D5BD1E14B584007BA117;
			remoteInfo = TeamTalkSwift;
		};
		E935D5DE1E14B584007BA117 /* PBXContainerItemProxy */ = {
			isa = PBXContainerItemProxy;
			containerPortal = E935D5B61E14B584007BA117 /* Project object */;
			proxyType = 1;
			remoteGlobalIDString = E935D5BD1E14B584007BA117;
			remoteInfo = TeamTalkSwift;
		};
/* End PBXContainerItemProxy section */

/* Begin PBXFileReference section */
		E935D5BE1E14B584007BA117 /* TeamTalkSwift.app */ = {isa = PBXFileReference; explicitFileType = wrapper.application; includeInIndex = 0; path = TeamTalkSwift.app; sourceTree = BUILT_PRODUCTS_DIR; };
		E935D5C11E14B584007BA117 /* AppDelegate.swift */ = {isa = PBXFileReference; lastKnownFileType = sourcecode.swift; path = AppDelegate.swift; sourceTree = "<group>"; };
		E935D5C31E14B584007BA117 /* ViewController.swift */ = {isa = PBXFileReference; lastKnownFileType = sourcecode.swift; path = ViewController.swift; sourceTree = "<group>"; };
		E935D5C61E14B584007BA117 /* Base */ = {isa = PBXFileReference; lastKnownFileType = file.storyboard; name = Base; path = Base.lproj/Main.storyboard; sourceTree = "<group>"; };
		E935D5C81E14B584007BA117 /* Assets.xcassets */ = {isa = PBXFileReference; lastKnownFileType = folder.assetcatalog; path = Assets.xcassets; sourceTree = "<group>"; };
		E935D5CB1E14B584007BA117 /* Base */ = {isa = PBXFileReference; lastKnownFileType = file.storyboard; name = Base; path = Base.lproj/LaunchScreen.storyboard; sourceTree = "<group>"; };
		E935D5CD1E14B584007BA117 /* Info.plist */ = {isa = PBXFileReference; lastKnownFileType = text.plist.xml; path = Info.plist; sourceTree = "<group>"; };
		E935D5D21E14B584007BA117 /* TeamTalkSwiftTests.xctest */ = {isa = PBXFileReference; explicitFileType = wrapper.cfbundle; includeInIndex = 0; path = TeamTalkSwiftTests.xctest; sourceTree = BUILT_PRODUCTS_DIR; };
		E935D5D61E14B584007BA117 /* TeamTalkSwiftTests.swift */ = {isa = PBXFileReference; lastKnownFileType = sourcecode.swift; path = TeamTalkSwiftTests.swift; sourceTree = "<group>"; };
		E935D5D81E14B584007BA117 /* Info.plist */ = {isa = PBXFileReference; lastKnownFileType = text.plist.xml; path = Info.plist; sourceTree = "<group>"; };
		E935D5DD1E14B584007BA117 /* TeamTalkSwiftUITests.xctest */ = {isa = PBXFileReference; explicitFileType = wrapper.cfbundle; includeInIndex = 0; path = TeamTalkSwiftUITests.xctest; sourceTree = BUILT_PRODUCTS_DIR; };
		E935D5E11E14B584007BA117 /* TeamTalkSwiftUITests.swift */ = {isa = PBXFileReference; lastKnownFileType = sourcecode.swift; path = TeamTalkSwiftUITests.swift; sourceTree = "<group>"; };
		E935D5E31E14B584007BA117 /* Info.plist */ = {isa = PBXFileReference; lastKnownFileType = text.plist.xml; path = Info.plist; sourceTree = "<group>"; };
/* End PBXFileReference section */

/* Begin PBXFrameworksBuildPhase section */
		E935D5BB1E14B584007BA117 /* Frameworks */ = {
			isa = PBXFrameworksBuildPhase;
			buildActionMask = 2147483647;
			files = (
			);
			runOnlyForDeploymentPostprocessing = 0;
		};
		E935D5CF1E14B584007BA117 /* Frameworks */ = {
			isa = PBXFrameworksBuildPhase;
			buildActionMask = 2147483647;
			files = (
			);
			runOnlyForDeploymentPostprocessing = 0;
		};
		E935D5DA1E14B584007BA117 /* Frameworks */ = {
			isa = PBXFrameworksBuildPhase;
			buildActionMask = 2147483647;
			files = (
			);
			runOnlyForDeploymentPostprocessing = 0;
		};
/* End PBXFrameworksBuildPhase section */

/* Begin PBXGroup section */
		E935D5B51E14B584007BA117 = {
			isa = PBXGroup;
			children = (
				E935D5C01E14B584007BA117 /* TeamTalkSwift */,
				E935D5D51E14B584007BA117 /* TeamTalkSwiftTests */,
				E935D5E01E14B584007BA117 /* TeamTalkSwiftUITests */,
				E935D5BF1E14B584007BA117 /* Products */,
			);
			sourceTree = "<group>";
		};
		E935D5BF1E14B584007BA117 /* Products */ = {
			isa = PBXGroup;
			children = (
				E935D5BE1E14B584007BA117 /* TeamTalkSwift.app */,
				E935D5D21E14B584007BA117 /* TeamTalkSwiftTests.xctest */,
				E935D5DD1E14B584007BA117 /* TeamTalkSwiftUITests.xctest */,
			);
			name = Products;
			sourceTree = "<group>";
		};
		E935D5C01E14B584007BA117 /* TeamTalkSwift */ = {
			isa = PBXGroup;
			children = (
				E935D5C11E14B584007BA117 /* AppDelegate.swift */,
				E935D5C31E14B584007BA117 /* ViewController.swift */,
				E935D5C51E14B584007BA117 /* Main.storyboard */,
				E935D5C81E14B584007BA117 /* Assets.xcassets */,
				E935D5CA1E14B584007BA117 /* LaunchScreen.storyboard */,
				E935D5CD1E14B584007BA117 /* Info.plist */,
			);
			path = TeamTalkSwift;
			sourceTree = "<group>";
		};
		E935D5D51E14B584007BA117 /* TeamTalkSwiftTests */ = {
			isa = PBXGroup;
			children = (
				E935D5D61E14B584007BA117 /* TeamTalkSwiftTests.swift */,
				E935D5D81E14B584007BA117 /* Info.plist */,
			);
			path = TeamTalkSwiftTests;
			sourceTree = "<group>";
		};
		E935D5E01E14B584007BA117 /* TeamTalkSwiftUITests */ = {
			isa = PBXGroup;
			children = (
				E935D5E11E14B584007BA117 /* TeamTalkSwiftUITests.swift */,
				E935D5E31E14B584007BA117 /* Info.plist */,
			);
			path = TeamTalkSwiftUITests;
			sourceTree = "<group>";
		};
/* End PBXGroup section */

/* Begin PBXNativeTarget section */
		E935D5BD1E14B584007BA117 /* TeamTalkSwift */ = {
			isa = PBXNativeTarget;
			buildConfigurationList = E935D5E61E14B584007BA117 /* Build configuration list for PBXNativeTarget "TeamTalkSwift" */;
			buildPhases = (
				E935D5BA1E14B584007BA117 /* Sources */,
				E935D5BB1E14B584007BA117 /* Frameworks */,
				E935D5BC1E14B584007BA117 /* Resources */,
			);
			buildRules = (
			);
			dependencies = (
			);
			name = TeamTalkSwift;
			productName = TeamTalkSwift;
			productReference = E935D5BE1E14B584007BA117 /* TeamTalkSwift.app */;
			productType = "com.apple.product-type.application";
		};
		E935D5D11E14B584007BA117 /* TeamTalkSwiftTests */ = {
			isa = PBXNativeTarget;
			buildConfigurationList = E935D5E91E14B584007BA117 /* Build configuration list for PBXNativeTarget "TeamTalkSwiftTests" */;
			buildPhases = (
				E935D5CE1E14B584007BA117 /* Sources */,
				E935D5CF1E14B584007BA117 /* Frameworks */,
				E935D5D01E14B584007BA117 /* Resources */,
			);
			buildRules = (
			);
			dependencies = (
				E935D5D41E14B584007BA117 /* PBXTargetDependency */,
			);
			name = TeamTalkSwiftTests;
			productName = TeamTalkSwiftTests;
			productReference = E935D5D21E14B584007BA117 /* TeamTalkSwiftTests.xctest */;
			productType = "com.apple.product-type.bundle.unit-test";
		};
		E935D5DC1E14B584007BA117 /* TeamTalkSwiftUITests */ = {
			isa = PBXNativeTarget;
			buildConfigurationList = E935D5EC1E14B584007BA117 /* Build configuration list for PBXNativeTarget "TeamTalkSwiftUITests" */;
			buildPhases = (
				E935D5D91E14B584007BA117 /* Sources */,
				E935D5DA1E14B584007BA117 /* Frameworks */,
				E935D5DB1E14B584007BA117 /* Resources */,
			);
			buildRules = (
			);
			dependencies = (
				E935D5DF1E14B584007BA117 /* PBXTargetDependency */,
			);
			name = TeamTalkSwiftUITests;
			productName = TeamTalkSwiftUITests;
			productReference = E935D5DD1E14B584007BA117 /* TeamTalkSwiftUITests.xctest */;
			productType = "com.apple.product-type.bundle.ui-testing";
		};
/* End PBXNativeTarget section */

/* Begin PBXProject section */
		E935D5B61E14B584007BA117 /* Project object */ = {
			isa = PBXProject;
			attributes = {
				LastSwiftUpdateCheck = 0820;
				LastUpgradeCheck = 0820;
				ORGANIZATIONNAME = "Hello World Corporation";
				TargetAttributes = {
					E935D5BD1E14B584007BA117 = {
						CreatedOnToolsVersion = 8.2.1;
						DevelopmentTeam = NE8VK2242L;
						ProvisioningStyle = Automatic;
					};
					E935D5D11E14B584007BA117 = {
						CreatedOnToolsVersion = 8.2.1;
						DevelopmentTeam = NE8VK2242L;
						ProvisioningStyle = Automatic;
						TestTargetID = E935D5BD1E14B584007BA117;
					};
					E935D5DC1E14B584007BA117 = {
						CreatedOnToolsVersion = 8.2.1;
						DevelopmentTeam = NE8VK2242L;
						ProvisioningStyle = Automatic;
						TestTargetID = E935D5BD1E14B584007BA117;
					};
				};
			};
			buildConfigurationList = E935D5B91E14B584007BA117 /* Build configuration list for PBXProject "TeamTalkSwift" */;
			compatibilityVersion = "Xcode 3.2";
			developmentRegion = English;
			hasScannedForEncodings = 0;
			knownRegions = (
				en,
				Base,
			);
			mainGroup = E935D5B51E14B584007BA117;
			productRefGroup = E935D5BF1E14B584007BA117 /* Products */;
			projectDirPath = "";
			projectRoot = "";
			targets = (
				E935D5BD1E14B584007BA117 /* TeamTalkSwift */,
				E935D5D11E14B584007BA117 /* TeamTalkSwiftTests */,
				E935D5DC1E14B584007BA117 /* TeamTalkSwiftUITests */,
			);
		};
/* End PBXProject section */

/* Begin PBXResourcesBuildPhase section */
		E935D5BC1E14B584007BA117 /* Resources */ = {
			isa = PBXResourcesBuildPhase;
			buildActionMask = 2147483647;
			files = (
				E935D5CC1E14B584007BA117 /* LaunchScreen.storyboard in Resources */,
				E935D5C91E14B584007BA117 /* Assets.xcassets in Resources */,
				E935D5C71E14B584007BA117 /* Main.storyboard in Resources */,
			);
			runOnlyForDeploymentPostprocessing = 0;
		};
		E935D5D01E14B584007BA117 /* Resources */ = {
			isa = PBXResourcesBuildPhase;
			buildActionMask = 2147483647;
			files = (
			);
			runOnlyForDeploymentPostprocessing = 0;
		};
		E935D5DB1E14B584007BA117 /* Resources */ = {
			isa = PBXResourcesBuildPhase;
			buildActionMask = 2147483647;
			files = (
			);
			runOnlyForDeploymentPostprocessing = 0;
		};
/* End PBXResourcesBuildPhase section */

/* Begin PBXSourcesBuildPhase section */
		E935D5BA1E14B584007BA117 /* Sources */ = {
			isa = PBXSourcesBuildPhase;
			buildActionMask = 2147483647;
			files = (
				E935D5C41E14B584007BA117 /* ViewController.swift in Sources */,
				E935D5C21E14B584007BA117 /* AppDelegate.swift in Sources */,
			);
			runOnlyForDeploymentPostprocessing = 0;
		};
		E935D5CE1E14B584007BA117 /* Sources */ = {
			isa = PBXSourcesBuildPhase;
			buildActionMask = 2147483647;
			files = (
				E935D5D71E14B584007BA117 /* TeamTalkSwiftTests.swift in Sources */,
			);
			runOnlyForDeploymentPostprocessing = 0;
		};
		E935D5D91E14B584007BA117 /* Sources */ = {
			isa = PBXSourcesBuildPhase;
			buildActionMask = 2147483647;
			files = (
				E935D5E21E14B584007BA117 /* TeamTalkSwiftUITests.swift in Sources */,
			);
			runOnlyForDeploymentPostprocessing = 0;
		};
/* End PBXSourcesBuildPhase section */

/* Begin PBXTargetDependency section */
		E935D5D41E14B584007BA117 /* PBXTargetDependency */ = {
			isa = PBXTargetDependency;
			target = E935D5BD1E14B584007BA117 /* TeamTalkSwift */;
			targetProxy = E935D5D31E14B584007BA117 /* PBXContainerItemProxy */;
		};
		E935D5DF1E14B584007BA117 /* PBXTargetDependency */ = {
			isa = PBXTargetDependency;
			target = E935D5BD1E14B584007BA117 /* TeamTalkSwift */;
			targetProxy = E935D5DE1E14B584007BA117 /* PBXContainerItemProxy */;
		};
/* End PBXTargetDependency section */

/* Begin PBXVariantGroup section */
		E935D5C51E14B584007BA117 /* Main.storyboard */ = {
			isa = PBXVariantGroup;
			children = (
				E935D5C61E14B584007BA117 /* Base */,
			);
			name = Main.storyboard;
			sourceTree = "<group>";
		};
		E935D5CA1E14B584007BA117 /* LaunchScreen.storyboard */ = {
			isa = PBXVariantGroup;
			children = (
				E935D5CB1E14B584007BA117 /* Base */,
			);
			name = LaunchScreen.storyboard;
			sourceTree = "<group>";
		};
/* End PBXVariantGroup section */

/* Begin XCBuildConfiguration section */
		E935D5E41E14B584007BA117 /* Debug */ = {
			isa = XCBuildConfiguration;
			buildSettings = {
				ALWAYS_SEARCH_USER_PATHS = NO;
				CLANG_ANALYZER_NONNULL = YES;
				CLANG_CXX_LANGUAGE_STANDARD = "gnu++0x";
				CLANG_CXX_LIBRARY = "libc++";
				CLANG_ENABLE_MODULES = YES;
				CLANG_ENABLE_OBJC_ARC = YES;
				CLANG_WARN_BOOL_CONVERSION = YES;
				CLANG_WARN_CONSTANT_CONVERSION = YES;
				CLANG_WARN_DIRECT_OBJC_ISA_USAGE = YES_ERROR;
				CLANG_WARN_DOCUMENTATION_COMMENTS = YES;
				CLANG_WARN_EMPTY_BODY = YES;
				CLANG_WARN_ENUM_CONVERSION = YES;
				CLANG_WARN_INFINITE_RECURSION = YES;
				CLANG_WARN_INT_CONVERSION = YES;
				CLANG_WARN_OBJC_ROOT_CLASS = YES_ERROR;
				CLANG_WARN_SUSPICIOUS_MOVE = YES;
				CLANG_WARN_UNREACHABLE_CODE = YES;
				CLANG_WARN__DUPLICATE_METHOD_MATCH = YES;
				"CODE_SIGN_IDENTITY[sdk=iphoneos*]" = "iPhone Developer";
				COPY_PHASE_STRIP = NO;
				DEBUG_INFORMATION_FORMAT = dwarf;
				ENABLE_STRICT_OBJC_MSGSEND = YES;
				ENABLE_TESTABILITY = YES;
				GCC_C_LANGUAGE_STANDARD = gnu99;
				GCC_DYNAMIC_NO_PIC = NO;
				GCC_NO_COMMON_BLOCKS = YES;
				GCC_OPTIMIZATION_LEVEL = 0;
				GCC_PREPROCESSOR_DEFINITIONS = (
					"DEBUG=1",
					"$(inherited)",
				);
				GCC_WARN_64_TO_32_BIT_CONVERSION = YES;
				GCC_WARN_ABOUT_RETURN_TYPE = YES_ERROR;
				GCC_WARN_UNDECLARED_SELECTOR = YES;
				GCC_WARN_UNINITIALIZED_AUTOS = YES_AGGRESSIVE;
				GCC_WARN_UNUSED_FUNCTION = YES;
				GCC_WARN_UNUSED_VARIABLE = YES;
				IPHONEOS_DEPLOYMENT_TARGET = 10.2;
				MTL_ENABLE_DEBUG_INFO = YES;
				ONLY_ACTIVE_ARCH = YES;
				SDKROOT = iphoneos;
				SWIFT_ACTIVE_COMPILATION_CONDITIONS = DEBUG;
				SWIFT_OPTIMIZATION_LEVEL = "-Onone";
				TARGETED_DEVICE_FAMILY = "1,2";
			};
			name = Debug;
		};
		E935D5E51E14B584007BA117 /* Release */ = {
			isa = XCBuildConfiguration;
			buildSettings = {
				ALWAYS_SEARCH_USER_PATHS = NO;
				CLANG_ANALYZER_NONNULL = YES;
				CLANG_CXX_LANGUAGE_STANDARD = "gnu++0x";
				CLANG_CXX_LIBRARY = "libc++";
				CLANG_ENABLE_MODULES = YES;
				CLANG_ENABLE_OBJC_ARC = YES;
				CLANG_WARN_BOOL_CONVERSION = YES;
				CLANG_WARN_CONSTANT_CONVERSION = YES;
				CLANG_WARN_DIRECT_OBJC_ISA_USAGE = YES_ERROR;
				CLANG_WARN_DOCUMENTATION_COMMENTS = YES;
				CLANG_WARN_EMPTY_BODY = YES;
				CLANG_WARN_ENUM_CONVERSION = YES;
				CLANG_WARN_INFINITE_RECURSION = YES;
				CLANG_WARN_INT_CONVERSION = YES;
				CLANG_WARN_OBJC_ROOT_CLASS = YES_ERROR;
				CLANG_WARN_SUSPICIOUS_MOVE = YES;
				CLANG_WARN_UNREACHABLE_CODE = YES;
				CLANG_WARN__DUPLICATE_METHOD_MATCH = YES;
				"CODE_SIGN_IDENTITY[sdk=iphoneos*]" = "iPhone Developer";
				COPY_PHASE_STRIP = NO;
				DEBUG_INFORMATION_FORMAT = "dwarf-with-dsym";
				ENABLE_NS_ASSERTIONS = NO;
				ENABLE_STRICT_OBJC_MSGSEND = YES;
				GCC_C_LANGUAGE_STANDARD = gnu99;
				GCC_NO_COMMON_BLOCKS = YES;
				GCC_WARN_64_TO_32_BIT_CONVERSION = YES;
				GCC_WARN_ABOUT_RETURN_TYPE = YES_ERROR;
				GCC_WARN_UNDECLARED_SELECTOR = YES;
				GCC_WARN_UNINITIALIZED_AUTOS = YES_AGGRESSIVE;
				GCC_WARN_UNUSED_FUNCTION = YES;
				GCC_WARN_UNUSED_VARIABLE = YES;
				IPHONEOS_DEPLOYMENT_TARGET = 10.2;
				MTL_ENABLE_DEBUG_INFO = NO;
				SDKROOT = iphoneos;
				SWIFT_OPTIMIZATION_LEVEL = "-Owholemodule";
				TARGETED_DEVICE_FAMILY = "1,2";
				VALIDATE_PRODUCT = YES;
			};
			name = Release;
		};
		E935D5E71E14B584007BA117 /* Debug */ = {
			isa = XCBuildConfiguration;
			buildSettings = {
				ASSETCATALOG_COMPILER_APPICON_NAME = AppIcon;
				DEVELOPMENT_TEAM = NE8VK2242L;
				INFOPLIST_FILE = TeamTalkSwift/Info.plist;
				LD_RUNPATH_SEARCH_PATHS = "$(inherited) @executable_path/Frameworks";
				PRODUCT_BUNDLE_IDENTIFIER = com.tom555cat.teamtalk.TeamTalkSwift;
				PRODUCT_NAME = "$(TARGET_NAME)";
				SWIFT_VERSION = 3.0;
			};
			name = Debug;
		};
		E935D5E81E14B584007BA117 /* Release */ = {
			isa = XCBuildConfiguration;
			buildSettings = {
				ASSETCATALOG_COMPILER_APPICON_NAME = AppIcon;
				DEVELOPMENT_TEAM = NE8VK2242L;
				INFOPLIST_FILE = TeamTalkSwift/Info.plist;
				LD_RUNPATH_SEARCH_PATHS = "$(inherited) @executable_path/Frameworks";
				PRODUCT_BUNDLE_IDENTIFIER = com.tom555cat.teamtalk.TeamTalkSwift;
				PRODUCT_NAME = "$(TARGET_NAME)";
				SWIFT_VERSION = 3.0;
			};
			name = Release;
		};
		E935D5EA1E14B584007BA117 /* Debug */ = {
			isa = XCBuildConfiguration;
			buildSettings = {
				ALWAYS_EMBED_SWIFT_STANDARD_LIBRARIES = YES;
				BUNDLE_LOADER = "$(TEST_HOST)";
				DEVELOPMENT_TEAM = NE8VK2242L;
				INFOPLIST_FILE = TeamTalkSwiftTests/Info.plist;
				LD_RUNPATH_SEARCH_PATHS = "$(inherited) @executable_path/Frameworks @loader_path/Frameworks";
				PRODUCT_BUNDLE_IDENTIFIER = com.tom555cat.teamtalk.TeamTalkSwiftTests;
				PRODUCT_NAME = "$(TARGET_NAME)";
				SWIFT_VERSION = 3.0;
				TEST_HOST = "$(BUILT_PRODUCTS_DIR)/TeamTalkSwift.app/TeamTalkSwift";
			};
			name = Debug;
		};
		E935D5EB1E14B584007BA117 /* Release */ = {
			isa = XCBuildConfiguration;
			buildSettings = {
				ALWAYS_EMBED_SWIFT_STANDARD_LIBRARIES = YES;
				BUNDLE_LOADER = "$(TEST_HOST)";
				DEVELOPMENT_TEAM = NE8VK2242L;
				INFOPLIST_FILE = TeamTalkSwiftTests/Info.plist;
				LD_RUNPATH_SEARCH_PATHS = "$(inherited) @executable_path/Frameworks @loader_path/Frameworks";
				PRODUCT_BUNDLE_IDENTIFIER = com.tom555cat.teamtalk.TeamTalkSwiftTests;
				PRODUCT_NAME = "$(TARGET_NAME)";
				SWIFT_VERSION = 3.0;
				TEST_HOST = "$(BUILT_PRODUCTS_DIR)/TeamTalkSwift.app/TeamTalkSwift";
			};
			name = Release;
		};
		E935D5ED1E14B584007BA117 /* Debug */ = {
			isa = XCBuildConfiguration;
			buildSettings = {
				ALWAYS_EMBED_SWIFT_STANDARD_LIBRARIES = YES;
				DEVELOPMENT_TEAM = NE8VK2242L;
				INFOPLIST_FILE = TeamTalkSwiftUITests/Info.plist;
				LD_RUNPATH_SEARCH_PATHS = "$(inherited) @executable_path/Frameworks @loader_path/Frameworks";
				PRODUCT_BUNDLE_IDENTIFIER = com.tom555cat.teamtalk.TeamTalkSwiftUITests;
				PRODUCT_NAME = "$(TARGET_NAME)";
				SWIFT_VERSION = 3.0;
				TEST_TARGET_NAME = TeamTalkSwift;
			};
			name = Debug;
		};
		E935D5EE1E14B584007BA117 /* Release */ = {
			isa = XCBuildConfiguration;
			buildSettings = {
				ALWAYS_EMBED_SWIFT_STANDARD_LIBRARIES = YES;
				DEVELOPMENT_TEAM = NE8VK2242L;
				INFOPLIST_FILE = TeamTalkSwiftUITests/Info.plist;
				LD_RUNPATH_SEARCH_PATHS = "$(inherited) @executable_path/Frameworks @loader_path/Frameworks";
				PRODUCT_BUNDLE_IDENTIFIER = com.tom555cat.teamtalk.TeamTalkSwiftUITests;
				PRODUCT_NAME = "$(TARGET_NAME)";
				SWIFT_VERSION = 3.0;
				TEST_TARGET_NAME = TeamTalkSwift;
			};
			name = Release;
		};
/* End XCBuildConfiguration section */

/* Begin XCConfigurationList section */
		E935D5B91E14B584007BA117 /* Build configuration list for PBXProject "TeamTalkSwift" */ = {
			isa = XCConfigurationList;
			buildConfigurations = (
				E935D5E41E14B584007BA117 /* Debug */,
				E935D5E51E14B584007BA117 /* Release */,
			);
			defaultConfigurationIsVisible = 0;
			defaultConfigurationName = Release;
		};
		E935D5E61E14B584007BA117 /* Build configuration list for PBXNativeTarget "TeamTalkSwift" */ = {
			isa = XCConfigurationList;
			buildConfigurations = (
				E935D5E71E14B584007BA117 /* Debug */,
				E935D5E81E14B584007BA117 /* Release */,
			);
			defaultConfigurationIsVisible = 0;
		};
		E935D5E91E14B584007BA117 /* Build configuration list for PBXNativeTarget "TeamTalkSwiftTests" */ = {
			isa = XCConfigurationList;
			buildConfigurations = (
				E935D5EA1E14B584007BA117 /* Debug */,
				E935D5EB1E14B584007BA117 /* Release */,
			);
			defaultConfigurationIsVisible = 0;
		};
		E935D5EC1E14B584007BA117 /* Build configuration list for PBXNativeTarget "TeamTalkSwiftUITests" */ = {
			isa = XCConfigurationList;
			buildConfigurations = (
				E935D5ED1E14B584007BA117 /* Debug */,
				E935D5EE1E14B584007BA117 /* Release */,
			);
			defaultConfigurationIsVisible = 0;
		};
/* End XCConfigurationList section */
	};
	rootObject = E935D5B61E14B584007BA117 /* Project object */;
}
